// !$*UTF8*$!
{
	archiveVersion = 1;
	classes = {
	};
	objectVersion = 50;
	objects = {

/* Begin PBXBuildFile section */
		6D160CFA20F28F3A0079C89C /* Source.cpp in Sources */ = {isa = PBXBuildFile; fileRef = 6D160CF620F28F3A0079C89C /* Source.cpp */; };
		6D2640E620F42C1200D0BC68 /* OpenGL.framework in Frameworks */ = {isa = PBXBuildFile; fileRef = 6D160CFC20F29E580079C89C /* OpenGL.framework */; };
		6D2640EC20F42C7100D0BC68 /* libglfw.3.2.dylib in Frameworks */ = {isa = PBXBuildFile; fileRef = 6D2640EB20F42C7100D0BC68 /* libglfw.3.2.dylib */; };
		6D2640EE20F42C8200D0BC68 /* libGLEW.2.1.0.dylib in Frameworks */ = {isa = PBXBuildFile; fileRef = 6D2640ED20F42C8200D0BC68 /* libGLEW.2.1.0.dylib */; };
		6D2640F120F443FD00D0BC68 /* Window.cpp in Sources */ = {isa = PBXBuildFile; fileRef = 6D2640F020F443FD00D0BC68 /* Window.cpp */; };
		6D2640F320F4442900D0BC68 /* JoystickManager.cpp in Sources */ = {isa = PBXBuildFile; fileRef = 6D2640F220F4442900D0BC68 /* JoystickManager.cpp */; };
		6D2640F620F4444500D0BC68 /* Renderer.cpp in Sources */ = {isa = PBXBuildFile; fileRef = 6D2640F420F4444500D0BC68 /* Renderer.cpp */; };
		6D2640F720F4444500D0BC68 /* ShaderProgram.cpp in Sources */ = {isa = PBXBuildFile; fileRef = 6D2640F520F4444500D0BC68 /* ShaderProgram.cpp */; };
		6D2640FB20F4446000D0BC68 /* Camera.cpp in Sources */ = {isa = PBXBuildFile; fileRef = 6D2640F820F4446000D0BC68 /* Camera.cpp */; };
		6D2640FC20F4446000D0BC68 /* Mesh.cpp in Sources */ = {isa = PBXBuildFile; fileRef = 6D2640F920F4446000D0BC68 /* Mesh.cpp */; };
		6D2640FD20F4446000D0BC68 /* Model.cpp in Sources */ = {isa = PBXBuildFile; fileRef = 6D2640FA20F4446000D0BC68 /* Model.cpp */; };
		6D26410220F4447600D0BC68 /* DirectionalLight.cpp in Sources */ = {isa = PBXBuildFile; fileRef = 6D2640FE20F4447500D0BC68 /* DirectionalLight.cpp */; };
		6D26410320F4447600D0BC68 /* PointLight.cpp in Sources */ = {isa = PBXBuildFile; fileRef = 6D2640FF20F4447500D0BC68 /* PointLight.cpp */; };
		6D26410420F4447600D0BC68 /* LightingManager.cpp in Sources */ = {isa = PBXBuildFile; fileRef = 6D26410020F4447600D0BC68 /* LightingManager.cpp */; };
		6D26410520F4447600D0BC68 /* SpotLight.cpp in Sources */ = {isa = PBXBuildFile; fileRef = 6D26410120F4447600D0BC68 /* SpotLight.cpp */; };
		6D26410720F4ADCE00D0BC68 /* libassimp.4.0.1.dylib in Frameworks */ = {isa = PBXBuildFile; fileRef = 6D26410620F4ADCE00D0BC68 /* libassimp.4.0.1.dylib */; };
		6D8EC9EB20F50B8900D69750 /* CoreFoundation.framework in Frameworks */ = {isa = PBXBuildFile; fileRef = 6D8EC9EA20F50B8900D69750 /* CoreFoundation.framework */; };
/* End PBXBuildFile section */

/* Begin PBXCopyFilesBuildPhase section */
		6D4855E420F2789500548976 /* Copy Files */ = {
			isa = PBXCopyFilesBuildPhase;
			buildActionMask = 2147483647;
			dstPath = /usr/share/man/man1;
			dstSubfolderSpec = 0;
			files = (
			);
			name = "Copy Files";
			runOnlyForDeploymentPostprocessing = 1;
		};
/* End PBXCopyFilesBuildPhase section */

/* Begin PBXFileReference section */
		6D160CF620F28F3A0079C89C /* Source.cpp */ = {isa = PBXFileReference; fileEncoding = 4; lastKnownFileType = sourcecode.cpp.cpp; name = Source.cpp; path = simple3d/Source.cpp; sourceTree = SOURCE_ROOT; };
		6D160CF720F28F3A0079C89C /* shaders */ = {isa = PBXFileReference; lastKnownFileType = folder; name = shaders; path = simple3d/shaders; sourceTree = SOURCE_ROOT; };
		6D160CF820F28F3A0079C89C /* simple3d.h */ = {isa = PBXFileReference; fileEncoding = 4; lastKnownFileType = sourcecode.c.h; name = simple3d.h; path = simple3d/simple3d.h; sourceTree = SOURCE_ROOT; };
		6D160CF920F28F3A0079C89C /* src */ = {isa = PBXFileReference; lastKnownFileType = folder; name = src; path = simple3d/src; sourceTree = SOURCE_ROOT; };
		6D160CFC20F29E580079C89C /* OpenGL.framework */ = {isa = PBXFileReference; lastKnownFileType = wrapper.framework; name = OpenGL.framework; path = System/Library/Frameworks/OpenGL.framework; sourceTree = SDKROOT; };
		6D2640EB20F42C7100D0BC68 /* libglfw.3.2.dylib */ = {isa = PBXFileReference; lastKnownFileType = "compiled.mach-o.dylib"; name = libglfw.3.2.dylib; path = "_libs/glfw-3.2.1-macOS/lib/dynamic/libglfw.3.2.dylib"; sourceTree = "<group>"; };
		6D2640ED20F42C8200D0BC68 /* libGLEW.2.1.0.dylib */ = {isa = PBXFileReference; lastKnownFileType = "compiled.mach-o.dylib"; name = libGLEW.2.1.0.dylib; path = "_libs/glew-2.1.0-macOS/lib/dynamic/libGLEW.2.1.0.dylib"; sourceTree = "<group>"; };
		6D2640F020F443FD00D0BC68 /* Window.cpp */ = {isa = PBXFileReference; lastKnownFileType = sourcecode.cpp.cpp; name = Window.cpp; path = simple3d/src/Window.cpp; sourceTree = "<group>"; };
		6D2640F220F4442900D0BC68 /* JoystickManager.cpp */ = {isa = PBXFileReference; lastKnownFileType = sourcecode.cpp.cpp; name = JoystickManager.cpp; path = simple3d/src/JoystickManager.cpp; sourceTree = "<group>"; };
		6D2640F420F4444500D0BC68 /* Renderer.cpp */ = {isa = PBXFileReference; lastKnownFileType = sourcecode.cpp.cpp; name = Renderer.cpp; path = simple3d/src/gfx/Renderer.cpp; sourceTree = "<group>"; };
		6D2640F520F4444500D0BC68 /* ShaderProgram.cpp */ = {isa = PBXFileReference; lastKnownFileType = sourcecode.cpp.cpp; name = ShaderProgram.cpp; path = simple3d/src/gfx/ShaderProgram.cpp; sourceTree = "<group>"; };
		6D2640F820F4446000D0BC68 /* Camera.cpp */ = {isa = PBXFileReference; lastKnownFileType = sourcecode.cpp.cpp; name = Camera.cpp; path = simple3d/src/gfx/3d/Camera.cpp; sourceTree = "<group>"; };
		6D2640F920F4446000D0BC68 /* Mesh.cpp */ = {isa = PBXFileReference; lastKnownFileType = sourcecode.cpp.cpp; name = Mesh.cpp; path = simple3d/src/gfx/3d/Mesh.cpp; sourceTree = "<group>"; };
		6D2640FA20F4446000D0BC68 /* Model.cpp */ = {isa = PBXFileReference; lastKnownFileType = sourcecode.cpp.cpp; name = Model.cpp; path = simple3d/src/gfx/3d/Model.cpp; sourceTree = "<group>"; };
		6D2640FE20F4447500D0BC68 /* DirectionalLight.cpp */ = {isa = PBXFileReference; lastKnownFileType = sourcecode.cpp.cpp; name = DirectionalLight.cpp; path = simple3d/src/gfx/3d/lighting/DirectionalLight.cpp; sourceTree = "<group>"; };
		6D2640FF20F4447500D0BC68 /* PointLight.cpp */ = {isa = PBXFileReference; lastKnownFileType = sourcecode.cpp.cpp; name = PointLight.cpp; path = simple3d/src/gfx/3d/lighting/PointLight.cpp; sourceTree = "<group>"; };
		6D26410020F4447600D0BC68 /* LightingManager.cpp */ = {isa = PBXFileReference; lastKnownFileType = sourcecode.cpp.cpp; name = LightingManager.cpp; path = simple3d/src/gfx/3d/lighting/LightingManager.cpp; sourceTree = "<group>"; };
		6D26410120F4447600D0BC68 /* SpotLight.cpp */ = {isa = PBXFileReference; lastKnownFileType = sourcecode.cpp.cpp; name = SpotLight.cpp; path = simple3d/src/gfx/3d/lighting/SpotLight.cpp; sourceTree = "<group>"; };
		6D26410620F4ADCE00D0BC68 /* libassimp.4.0.1.dylib */ = {isa = PBXFileReference; lastKnownFileType = "compiled.mach-o.dylib"; name = libassimp.4.0.1.dylib; path = "_libs/assimp-4.0.1-macOS/lib/dynamic/libassimp.4.0.1.dylib"; sourceTree = "<group>"; };
		6D4855E620F2789500548976 /* Simple3D-macOS */ = {isa = PBXFileReference; explicitFileType = "compiled.mach-o.executable"; includeInIndex = 0; path = "Simple3D-macOS"; sourceTree = BUILT_PRODUCTS_DIR; };
		6D8EC9EA20F50B8900D69750 /* CoreFoundation.framework */ = {isa = PBXFileReference; lastKnownFileType = wrapper.framework; name = CoreFoundation.framework; path = System/Library/Frameworks/CoreFoundation.framework; sourceTree = SDKROOT; };
/* End PBXFileReference section */

/* Begin PBXFrameworksBuildPhase section */
		6D4855E320F2789500548976 /* Frameworks */ = {
			isa = PBXFrameworksBuildPhase;
			buildActionMask = 2147483647;
			files = (
				6D8EC9EB20F50B8900D69750 /* CoreFoundation.framework in Frameworks */,
				6D26410720F4ADCE00D0BC68 /* libassimp.4.0.1.dylib in Frameworks */,
				6D2640EE20F42C8200D0BC68 /* libGLEW.2.1.0.dylib in Frameworks */,
				6D2640EC20F42C7100D0BC68 /* libglfw.3.2.dylib in Frameworks */,
				6D2640E620F42C1200D0BC68 /* OpenGL.framework in Frameworks */,
			);
			runOnlyForDeploymentPostprocessing = 0;
		};
/* End PBXFrameworksBuildPhase section */

/* Begin PBXGroup section */
		6D160CFB20F29E570079C89C /* Frameworks */ = {
			isa = PBXGroup;
			children = (
				6D8EC9EA20F50B8900D69750 /* CoreFoundation.framework */,
				6D26410620F4ADCE00D0BC68 /* libassimp.4.0.1.dylib */,
				6D2640ED20F42C8200D0BC68 /* libGLEW.2.1.0.dylib */,
				6D2640EB20F42C7100D0BC68 /* libglfw.3.2.dylib */,
				6D160CFC20F29E580079C89C /* OpenGL.framework */,
			);
			name = Frameworks;
			sourceTree = "<group>";
		};
		6D4855DD20F2789500548976 = {
			isa = PBXGroup;
			children = (
				6D2640FE20F4447500D0BC68 /* DirectionalLight.cpp */,
				6D26410020F4447600D0BC68 /* LightingManager.cpp */,
				6D2640FF20F4447500D0BC68 /* PointLight.cpp */,
				6D26410120F4447600D0BC68 /* SpotLight.cpp */,
				6D2640F820F4446000D0BC68 /* Camera.cpp */,
				6D2640F920F4446000D0BC68 /* Mesh.cpp */,
				6D2640FA20F4446000D0BC68 /* Model.cpp */,
				6D2640F420F4444500D0BC68 /* Renderer.cpp */,
				6D2640F520F4444500D0BC68 /* ShaderProgram.cpp */,
				6D2640F220F4442900D0BC68 /* JoystickManager.cpp */,
				6D2640F020F443FD00D0BC68 /* Window.cpp */,
				6D4855E820F2789500548976 /* Simple3D-macOS */,
				6D4855E720F2789500548976 /* Products */,
				6D160CFB20F29E570079C89C /* Frameworks */,
			);
			sourceTree = "<group>";
		};
		6D4855E720F2789500548976 /* Products */ = {
			isa = PBXGroup;
			children = (
				6D4855E620F2789500548976 /* Simple3D-macOS */,
			);
			name = Products;
			sourceTree = "<group>";
		};
		6D4855E820F2789500548976 /* Simple3D-macOS */ = {
			isa = PBXGroup;
			children = (
				6D160CF720F28F3A0079C89C /* shaders */,
				6D160CF820F28F3A0079C89C /* simple3d.h */,
				6D160CF620F28F3A0079C89C /* Source.cpp */,
				6D160CF920F28F3A0079C89C /* src */,
			);
			path = "Simple3D-macOS";
			sourceTree = "<group>";
		};
/* End PBXGroup section */

/* Begin PBXNativeTarget section */
		6D4855E520F2789500548976 /* Simple3D-macOS */ = {
			isa = PBXNativeTarget;
			buildConfigurationList = 6D4855ED20F2789500548976 /* Build configuration list for PBXNativeTarget "Simple3D-macOS" */;
			buildPhases = (
				6D4855E220F2789500548976 /* Sources */,
				6D4855E320F2789500548976 /* Frameworks */,
				6D4855E420F2789500548976 /* Copy Files */,
			);
			buildRules = (
			);
			dependencies = (
			);
			name = "Simple3D-macOS";
			productName = "Simple3D-macOS";
			productReference = 6D4855E620F2789500548976 /* Simple3D-macOS */;
			productType = "com.apple.product-type.tool";
		};
/* End PBXNativeTarget section */

/* Begin PBXProject section */
		6D4855DE20F2789500548976 /* Project object */ = {
			isa = PBXProject;
			attributes = {
				LastUpgradeCheck = 0940;
				ORGANIZATIONNAME = dareizadarkside;
				TargetAttributes = {
					6D4855E520F2789500548976 = {
						CreatedOnToolsVersion = 9.4.1;
					};
				};
			};
			buildConfigurationList = 6D4855E120F2789500548976 /* Build configuration list for PBXProject "Simple3D-macOS" */;
			compatibilityVersion = "Xcode 9.3";
			developmentRegion = en;
			hasScannedForEncodings = 0;
			knownRegions = (
				en,
			);
			mainGroup = 6D4855DD20F2789500548976;
			productRefGroup = 6D4855E720F2789500548976 /* Products */;
			projectDirPath = "";
			projectRoot = "";
			targets = (
				6D4855E520F2789500548976 /* Simple3D-macOS */,
			);
		};
/* End PBXProject section */

/* Begin PBXSourcesBuildPhase section */
		6D4855E220F2789500548976 /* Sources */ = {
			isa = PBXSourcesBuildPhase;
			buildActionMask = 2147483647;
			files = (
				6D160CFA20F28F3A0079C89C /* Source.cpp in Sources */,
				6D2640F320F4442900D0BC68 /* JoystickManager.cpp in Sources */,
				6D26410220F4447600D0BC68 /* DirectionalLight.cpp in Sources */,
				6D26410320F4447600D0BC68 /* PointLight.cpp in Sources */,
				6D26410420F4447600D0BC68 /* LightingManager.cpp in Sources */,
				6D26410520F4447600D0BC68 /* SpotLight.cpp in Sources */,
				6D2640FB20F4446000D0BC68 /* Camera.cpp in Sources */,
				6D2640FC20F4446000D0BC68 /* Mesh.cpp in Sources */,
				6D2640FD20F4446000D0BC68 /* Model.cpp in Sources */,
				6D2640F620F4444500D0BC68 /* Renderer.cpp in Sources */,
				6D2640F720F4444500D0BC68 /* ShaderProgram.cpp in Sources */,
				6D2640F120F443FD00D0BC68 /* Window.cpp in Sources */,
			);
			runOnlyForDeploymentPostprocessing = 0;
		};
/* End PBXSourcesBuildPhase section */

/* Begin XCBuildConfiguration section */
		6D4855EB20F2789500548976 /* Debug */ = {
			isa = XCBuildConfiguration;
			buildSettings = {
				ALWAYS_SEARCH_USER_PATHS = NO;
				CLANG_ANALYZER_NONNULL = YES;
				CLANG_ANALYZER_NUMBER_OBJECT_CONVERSION = YES_AGGRESSIVE;
				CLANG_CXX_LANGUAGE_STANDARD = "gnu++14";
				CLANG_CXX_LIBRARY = "libc++";
				CLANG_ENABLE_MODULES = YES;
				CLANG_ENABLE_OBJC_ARC = YES;
				CLANG_ENABLE_OBJC_WEAK = YES;
				CLANG_WARN_BLOCK_CAPTURE_AUTORELEASING = YES;
				CLANG_WARN_BOOL_CONVERSION = YES;
				CLANG_WARN_COMMA = YES;
				CLANG_WARN_CONSTANT_CONVERSION = YES;
				CLANG_WARN_DEPRECATED_OBJC_IMPLEMENTATIONS = YES;
				CLANG_WARN_DIRECT_OBJC_ISA_USAGE = YES_ERROR;
				CLANG_WARN_DOCUMENTATION_COMMENTS = YES;
				CLANG_WARN_EMPTY_BODY = YES;
				CLANG_WARN_ENUM_CONVERSION = YES;
				CLANG_WARN_INFINITE_RECURSION = YES;
				CLANG_WARN_INT_CONVERSION = YES;
				CLANG_WARN_NON_LITERAL_NULL_CONVERSION = YES;
				CLANG_WARN_OBJC_IMPLICIT_RETAIN_SELF = YES;
				CLANG_WARN_OBJC_LITERAL_CONVERSION = YES;
				CLANG_WARN_OBJC_ROOT_CLASS = YES_ERROR;
				CLANG_WARN_RANGE_LOOP_ANALYSIS = YES;
				CLANG_WARN_STRICT_PROTOTYPES = YES;
				CLANG_WARN_SUSPICIOUS_MOVE = YES;
				CLANG_WARN_UNGUARDED_AVAILABILITY = YES_AGGRESSIVE;
				CLANG_WARN_UNREACHABLE_CODE = YES;
				CLANG_WARN__DUPLICATE_METHOD_MATCH = YES;
				CODE_SIGN_IDENTITY = "-";
				COPY_PHASE_STRIP = NO;
				DEBUG_INFORMATION_FORMAT = dwarf;
				ENABLE_STRICT_OBJC_MSGSEND = YES;
				ENABLE_TESTABILITY = YES;
				GCC_C_LANGUAGE_STANDARD = gnu11;
				GCC_DYNAMIC_NO_PIC = NO;
				GCC_NO_COMMON_BLOCKS = YES;
				GCC_OPTIMIZATION_LEVEL = 0;
				GCC_PREPROCESSOR_DEFINITIONS = (
					"DEBUG=1",
					"$(inherited)",
				);
				GCC_WARN_64_TO_32_BIT_CONVERSION = YES;
				GCC_WARN_ABOUT_RETURN_TYPE = YES_ERROR;
				GCC_WARN_UNDECLARED_SELECTOR = YES;
				GCC_WARN_UNINITIALIZED_AUTOS = YES_AGGRESSIVE;
				GCC_WARN_UNUSED_FUNCTION = YES;
				GCC_WARN_UNUSED_VARIABLE = YES;
				MACOSX_DEPLOYMENT_TARGET = 10.13;
				MTL_ENABLE_DEBUG_INFO = YES;
				ONLY_ACTIVE_ARCH = YES;
				SDKROOT = macosx;
			};
			name = Debug;
		};
		6D4855EC20F2789500548976 /* Release */ = {
			isa = XCBuildConfiguration;
			buildSettings = {
				ALWAYS_SEARCH_USER_PATHS = NO;
				CLANG_ANALYZER_NONNULL = YES;
				CLANG_ANALYZER_NUMBER_OBJECT_CONVERSION = YES_AGGRESSIVE;
				CLANG_CXX_LANGUAGE_STANDARD = "gnu++14";
				CLANG_CXX_LIBRARY = "libc++";
				CLANG_ENABLE_MODULES = YES;
				CLANG_ENABLE_OBJC_ARC = YES;
				CLANG_ENABLE_OBJC_WEAK = YES;
				CLANG_WARN_BLOCK_CAPTURE_AUTORELEASING = YES;
				CLANG_WARN_BOOL_CONVERSION = YES;
				CLANG_WARN_COMMA = YES;
				CLANG_WARN_CONSTANT_CONVERSION = YES;
				CLANG_WARN_DEPRECATED_OBJC_IMPLEMENTATIONS = YES;
				CLANG_WARN_DIRECT_OBJC_ISA_USAGE = YES_ERROR;
				CLANG_WARN_DOCUMENTATION_COMMENTS = YES;
				CLANG_WARN_EMPTY_BODY = YES;
				CLANG_WARN_ENUM_CONVERSION = YES;
				CLANG_WARN_INFINITE_RECURSION = YES;
				CLANG_WARN_INT_CONVERSION = YES;
				CLANG_WARN_NON_LITERAL_NULL_CONVERSION = YES;
				CLANG_WARN_OBJC_IMPLICIT_RETAIN_SELF = YES;
				CLANG_WARN_OBJC_LITERAL_CONVERSION = YES;
				CLANG_WARN_OBJC_ROOT_CLASS = YES_ERROR;
				CLANG_WARN_RANGE_LOOP_ANALYSIS = YES;
				CLANG_WARN_STRICT_PROTOTYPES = YES;
				CLANG_WARN_SUSPICIOUS_MOVE = YES;
				CLANG_WARN_UNGUARDED_AVAILABILITY = YES_AGGRESSIVE;
				CLANG_WARN_UNREACHABLE_CODE = YES;
				CLANG_WARN__DUPLICATE_METHOD_MATCH = YES;
				CODE_SIGN_IDENTITY = "-";
				COPY_PHASE_STRIP = NO;
				DEBUG_INFORMATION_FORMAT = "dwarf-with-dsym";
				ENABLE_NS_ASSERTIONS = NO;
				ENABLE_STRICT_OBJC_MSGSEND = YES;
				GCC_C_LANGUAGE_STANDARD = gnu11;
				GCC_NO_COMMON_BLOCKS = YES;
				GCC_WARN_64_TO_32_BIT_CONVERSION = YES;
				GCC_WARN_ABOUT_RETURN_TYPE = YES_ERROR;
				GCC_WARN_UNDECLARED_SELECTOR = YES;
				GCC_WARN_UNINITIALIZED_AUTOS = YES_AGGRESSIVE;
				GCC_WARN_UNUSED_FUNCTION = YES;
				GCC_WARN_UNUSED_VARIABLE = YES;
				MACOSX_DEPLOYMENT_TARGET = 10.13;
				MTL_ENABLE_DEBUG_INFO = NO;
				SDKROOT = macosx;
			};
			name = Release;
		};
		6D4855EE20F2789500548976 /* Debug */ = {
			isa = XCBuildConfiguration;
			buildSettings = {
				CODE_SIGN_STYLE = Automatic;
				GCC_NO_COMMON_BLOCKS = YES;
				HEADER_SEARCH_PATHS = (
					"./_libs/glew-2.1.0-macOS/include",
					"./_libs/glfw-3.2.1-macOS/include",
					./_libs/glm,
					"./_libs/assimp-4.0.1-macOS/include",
					"./_libs/stb-master",
				);
				INSTALL_PATH = "@rpath";
				LD_RUNPATH_SEARCH_PATHS = "@loader_path";
				LIBRARY_SEARCH_PATHS = (
					"$(inherited)",
					"$(PROJECT_DIR)/_libs/glfw-3.2.1-macOS/lib/dynamic",
					"$(PROJECT_DIR)/_libs/glew-2.1.0-macOS/lib/dynamic",
					"$(PROJECT_DIR)/_libs/assimp-4.0.1-macOS/lib/dynamic",
				);
				PRODUCT_NAME = "$(TARGET_NAME)";
			};
			name = Debug;
		};
		6D4855EF20F2789500548976 /* Release */ = {
			isa = XCBuildConfiguration;
			buildSettings = {
				CODE_SIGN_STYLE = Automatic;
				GCC_NO_COMMON_BLOCKS = YES;
				HEADER_SEARCH_PATHS = (
					"./_libs/glew-2.1.0-macOS/include",
					"./_libs/glfw-3.2.1-macOS/include",
					./_libs/glm,
					"./_libs/assimp-4.0.1-macOS/include",
					"./_libs/stb-master",
				);
				INSTALL_PATH = "@rpath";
				LD_RUNPATH_SEARCH_PATHS = "@loader_path";
				LIBRARY_SEARCH_PATHS = (
					"$(inherited)",
					"$(PROJECT_DIR)/_libs/glfw-3.2.1-macOS/lib/dynamic",
					"$(PROJECT_DIR)/_libs/glew-2.1.0-macOS/lib/dynamic",
					"$(PROJECT_DIR)/_libs/assimp-4.0.1-macOS/lib/dynamic",
				);
				PRODUCT_NAME = "$(TARGET_NAME)";
			};
			name = Release;
		};
/* End XCBuildConfiguration section */

/* Begin XCConfigurationList section */
		6D4855E120F2789500548976 /* Build configuration list for PBXProject "Simple3D-macOS" */ = {
			isa = XCConfigurationList;
			buildConfigurations = (
				6D4855EB20F2789500548976 /* Debug */,
				6D4855EC20F2789500548976 /* Release */,
			);
			defaultConfigurationIsVisible = 0;
			defaultConfigurationName = Release;
		};
		6D4855ED20F2789500548976 /* Build configuration list for PBXNativeTarget "Simple3D-macOS" */ = {
			isa = XCConfigurationList;
			buildConfigurations = (
				6D4855EE20F2789500548976 /* Debug */,
				6D4855EF20F2789500548976 /* Release */,
			);
			defaultConfigurationIsVisible = 0;
			defaultConfigurationName = Release;
		};
/* End XCConfigurationList section */
	};
	rootObject = 6D4855DE20F2789500548976 /* Project object */;
}
